# This file was autogenerated by uv via the following command:
#    uv pip compile research/ascii-image-generation/docker/requirements.in --generate-hashes --no-deps --python-version 3.11 --python-platform x86_64-unknown-linux-gnu --output-file research/ascii-image-generation/docker/requirements.lock
accelerate==1.0.1 \
    --hash=sha256:c6aa0c7b8a797cb150471e90e3ca36ac41f5d4b40512cdd6f058b8bf25589467 \
    --hash=sha256:e8f95fc2db14915dc0a9182edfcf3068e5ddb2fa310b583717ad44e5c442399c
    # via -r research/ascii-image-generation/docker/requirements.in
bitsandbytes==0.44.1 \
    --hash=sha256:8e68e12aa25d2cf9a1730ad72890a5d1a19daa23f459a6a4679331f353d58cb4 \
    --hash=sha256:b2f24c6cbf11fc8c5d69b3dcecee9f7011451ec59d6ac833e873c9f105259668
    # via -r research/ascii-image-generation/docker/requirements.in
coloredlogs==15.0.1 \
    --hash=sha256:612ee75c546f53e92e70049c9dbfcc18c935a2b9a53b66085ce9ef6a6e5c0934 \
    --hash=sha256:7c991aa71a4577af2f82600d8f8f3a89f936baeaf9b50a9c197da014e5bf16b0
    # via -r research/ascii-image-generation/docker/requirements.in
diffusers==0.31.0 \
    --hash=sha256:b1d01a73e45d43a0630c299173915dddd69fc50f2ae8f2ab5de4fd245eaed72f \
    --hash=sha256:cbc498ae63f4abfc7c3a07649cdcbee229ef2f9a9a1f0d19c9bbaf22f8d30c1f
    # via -r research/ascii-image-generation/docker/requirements.in
flatbuffers==25.12.19 \
    --hash=sha256:7634f50c427838bb021c2d66a3d1168e9d199b0607e6329399f04846d42e20b4
    # via -r research/ascii-image-generation/docker/requirements.in
hf-xet==1.5.2 \
    --hash=sha256:045f84440c55cdeb659cf1a1dd48c77bcd0d2e93632e2fea8f2c3bdee79f38ed \
    --hash=sha256:1da28519496eb7c8094c11e4d25509b4a468457a0302d58136099db2fd9a671d \
    --hash=sha256:4a5ecb9cda8512ba2aa8ee5d37c87a1422992165892d653098c7b90247481c3b \
    --hash=sha256:580e59e29bf37aece1f2b68537de1e3fb04f43a23d910dcf6f128280b5bfbba4 \
    --hash=sha256:6395cfe3c9cbead4f16b31808b0e67eac428b66c656f856e99636adaddea878f \
    --hash=sha256:73044bd31bae33c984af832d19c752a0dffb67518fee9ddbd91d616e1101cf47 \
    --hash=sha256:7db73c810500c54c6760be8c39d4b2e476974de85424c50063efc22fdda13025 \
    --hash=sha256:8764488197c1d7b1378c8438c18d2eea902e150dbca0b0f0d2d32603fb9b5576 \
    --hash=sha256:8d7446f72abbf7e01ca5ff131786bc2e74a56393462c17a6bf1e303fbab81db4 \
    --hash=sha256:bee28c619622d36968056532fd49cf2b35ca75099b1d616c31a618a893491380 \
    --hash=sha256:cde8cd167126bb6109b2ceb19b844433a4988643e8f3e01dd9dd0e4a34535097 \
    --hash=sha256:d6f9c58549407b84b9a5383afd68db0acc42345326a3159990b36a5ca8a20e4e \
    --hash=sha256:db78c39c83d6279daddc98e2238f373ab8980685556d42472b4ec51abcf03e8c \
    --hash=sha256:e396ab0faf6298199ad7a95305c3ca8498cb825978a6485be6d00587ee4ec577 \
    --hash=sha256:ecf63d1cb69a9a7319910f8f83fcf9b46e7a32dfcf4b8f8eeddb55f647306e65 \
    --hash=sha256:f922b8f5fb84f1dd3d7ab7a1316354a1bca9b1c73ecfc19c76e51a2a49d29799 \
    --hash=sha256:fd3add255549e8ef58fa35b2e42dc016961c050600444e7d77d030ba6b57120e
    # via -r research/ascii-image-generation/docker/requirements.in
huggingface-hub==0.36.2 \
    --hash=sha256:1934304d2fb224f8afa3b87007d58501acfda9215b334eed53072dd5e815ff7a \
    --hash=sha256:48f0c8eac16145dfce371e9d2d7772854a4f591bcb56c9cf548accf531d54270
    # via -r research/ascii-image-generation/docker/requirements.in
humanfriendly==10.0 \
    --hash=sha256:1697e1a8a8f550fd43c2865cd84542fc175a61dcb779b6fee18cf6b6ccba1477 \
    --hash=sha256:6b0b831ce8f15f7300721aa49829fc4e83921a9a301cc7f606be6686a2288ddc
    # via -r research/ascii-image-generation/docker/requirements.in
importlib-metadata==9.0.0 \
    --hash=sha256:2d21d1cc5a017bd0559e36150c21c830ab1dc304dedd1b7ea85d20f45ef3edd7 \
    --hash=sha256:a4f57ab599e6a2e3016d7595cfd72eb4661a5106e787a95bcc90c7105b831efc
    # via -r research/ascii-image-generation/docker/requirements.in
iniconfig==2.0.0 \
    --hash=sha256:2d91e135bf72d31a410b17c16da610a82cb55f6b0477d1a902134b24a455b8b3 \
    --hash=sha256:b6a85871a79d2e3b22d2d1b94ac2824226a63c6b741c88f7ae975f18b6778374
    # via -r research/ascii-image-generation/docker/requirements.in
numpy==1.26.4 \
    --hash=sha256:03a8c78d01d9781b28a6989f6fa1bb2c4f2d51201cf99d3dd875df6fbd96b23b \
    --hash=sha256:08beddf13648eb95f8d867350f6a018a4be2e5ad54c8d8caed89ebca558b2818 \
    --hash=sha256:1af303d6b2210eb850fcf03064d364652b7120803a0b872f5211f5234b399f20 \
    --hash=sha256:1dda2e7b4ec9dd512f84935c5f126c8bd8b9f2fc001e9f54af255e8c5f16b0e0 \
    --hash=sha256:2a02aba9ed12e4ac4eb3ea9421c420301a0c6460d9830d74a9df87efa4912010 \
    --hash=sha256:2e4ee3380d6de9c9ec04745830fd9e2eccb3e6cf790d39d7b98ffd19b0dd754a \
    --hash=sha256:3373d5d70a5fe74a2c1bb6d2cfd9609ecf686d47a2d7b1d37a8f3b6bf6003aea \
    --hash=sha256:47711010ad8555514b434df65f7d7b076bb8261df1ca9bb78f53d3b2db02e95c \
    --hash=sha256:4c66707fabe114439db9068ee468c26bbdf909cac0fb58686a42a24de1760c71 \
    --hash=sha256:50193e430acfc1346175fcbdaa28ffec49947a06918b7b92130744e81e640110 \
    --hash=sha256:52b8b60467cd7dd1e9ed082188b4e6bb35aa5cdd01777621a1658910745b90be \
    --hash=sha256:60dedbb91afcbfdc9bc0b1f3f402804070deed7392c23eb7a7f07fa857868e8a \
    --hash=sha256:62b8e4b1e28009ef2846b4c7852046736bab361f7aeadeb6a5b89ebec3c7055a \
    --hash=sha256:666dbfb6ec68962c033a450943ded891bed2d54e6755e35e5835d63f4f6931d5 \
    --hash=sha256:675d61ffbfa78604709862923189bad94014bef562cc35cf61d3a07bba02a7ed \
    --hash=sha256:679b0076f67ecc0138fd2ede3a8fd196dddc2ad3254069bcb9faf9a79b1cebcd \
    --hash=sha256:7349ab0fa0c429c82442a27a9673fc802ffdb7c7775fad780226cb234965e53c \
    --hash=sha256:7ab55401287bfec946ced39700c053796e7cc0e3acbef09993a9ad2adba6ca6e \
    --hash=sha256:7e50d0a0cc3189f9cb0aeb3a6a6af18c16f59f004b866cd2be1c14b36134a4a0 \
    --hash=sha256:95a7476c59002f2f6c590b9b7b998306fba6a5aa646b1e22ddfeaf8f78c3a29c \
    --hash=sha256:96ff0b2ad353d8f990b63294c8986f1ec3cb19d749234014f4e7eb0112ceba5a \
    --hash=sha256:9fad7dcb1aac3c7f0584a5a8133e3a43eeb2fe127f47e3632d43d677c66c102b \
    --hash=sha256:9ff0f4f29c51e2803569d7a51c2304de5554655a60c5d776e35b4a41413830d0 \
    --hash=sha256:a354325ee03388678242a4d7ebcd08b5c727033fcff3b2f536aea978e15ee9e6 \
    --hash=sha256:a4abb4f9001ad2858e7ac189089c42178fcce737e4169dc61321660f1a96c7d2 \
    --hash=sha256:ab47dbe5cc8210f55aa58e4805fe224dac469cde56b9f731a4c098b91917159a \
    --hash=sha256:afedb719a9dcfc7eaf2287b839d8198e06dcd4cb5d276a3df279231138e83d30 \
    --hash=sha256:b3ce300f3644fb06443ee2222c2201dd3a89ea6040541412b8fa189341847218 \
    --hash=sha256:b97fe8060236edf3662adfc2c633f56a08ae30560c56310562cb4f95500022d5 \
    --hash=sha256:bfe25acf8b437eb2a8b2d49d443800a5f18508cd811fea3181723922a8a82b07 \
    --hash=sha256:cd25bcecc4974d09257ffcd1f098ee778f7834c3ad767fe5db785be9a4aa9cb2 \
    --hash=sha256:d209d8969599b27ad20994c8e41936ee0964e6da07478d6c35016bc386b66ad4 \
    --hash=sha256:d5241e0a80d808d70546c697135da2c613f30e28251ff8307eb72ba696945764 \
    --hash=sha256:edd8b5fe47dab091176d21bb6de568acdd906d1887a4584a15a9a96a1dca06ef \
    --hash=sha256:f870204a840a60da0b12273ef34f7051e98c3b5961b61b0c2c1be6dfd64fbcd3 \
    --hash=sha256:ffa75af20b44f8dba823498024771d5ac50620e6915abac414251bd971b4529f
    # via -r research/ascii-image-generation/docker/requirements.in
onnx==1.16.2 \
    --hash=sha256:080b19b0bd2b5536b4c61812464fe495758d6c9cfed3fdd3f20516e616212bee \
    --hash=sha256:0b765b09bdb01fa2338ea52483aa3d9c75e249f85446f0d9ad1dc5bd2b149082 \
    --hash=sha256:2d192db8501103fede9c1725861e65ed41efb65da1ce915ba969aae40073eb94 \
    --hash=sha256:324fe3551e91ffd74b43dbcf1d48e96579f4c1be2ff1224591ecd3ec6daa6139 \
    --hash=sha256:39a57d196fe5d73861e70d9625674e6caf8ca13c5e9c740462cf530a07cd2e1c \
    --hash=sha256:42231a467e5be2974d426b410987073ed85bee34af7b50c93ab221a8696b0cfd \
    --hash=sha256:4e496d301756e0a22fd2bdfac24b861c7b1ddbdd9ce7677b2a252c00c4c8f2a7 \
    --hash=sha256:55fbaf38acd4cd8fdd0b4f36871fb596b075518d3e981acc893f2ab887d1891a \
    --hash=sha256:7b98aa9733bd4b781eb931d33b4078ff2837e7d68062460726d6dd011f332bd4 \
    --hash=sha256:859b41574243c9bfd0abce03c15c78a1f270cc03c7f99629b984daf7adfa5003 \
    --hash=sha256:9635437ffe51cc71343f3067bc548a068bd287ac690f65a9f6223ea9dca441bf \
    --hash=sha256:9b77a6c138f284dfc9b06fa370768aa4fd167efc49ff740e2158dd02eedde8d0 \
    --hash=sha256:a449122a49534bb9c2b6f16c8493b606ef0accda6b9dbf0c513ca4b31ebe8b38 \
    --hash=sha256:ab0a1aa6b0470020ea3636afdce3e2a67f856fefe4be8c73b20371b07fcde69c \
    --hash=sha256:b33a282b038813c4b69e73ea65c2909768e8dd6cc10619b70632335daf094646 \
    --hash=sha256:bfdb8c2eb4c92f55626376e00993db8fcc753da4b80babf28d99636af8dbae6b \
    --hash=sha256:bfee781a59919e797f4dae380e63a0390ec01ce5c337a1459b992aac2f49a3c2 \
    --hash=sha256:c42a5db2db36fc46d3a93ab6aeff0f11abe10a4a16a85f2aad8879a58a898ee5 \
    --hash=sha256:ca12e47965e590b63f31681c8c563c75449a04178f27eac1ff64bad314314fb3 \
    --hash=sha256:da01d4a3bd7a0d0ee5084f65441fc9ca38450fc18835b7f9d5da5b9e7ca8b85d \
    --hash=sha256:e16012431643c66124eba0089acdad0df71d5c9d4e6bec4721999f9eecab72b7 \
    --hash=sha256:e66e4512a30df8916db5cf84f47d47b3250b9ab9a98d9cffe142c98c54598ba0 \
    --hash=sha256:e79edba750ae06059d82d8ff8129a6488a7e692cd23cd7fe010f7ec7d6a14bad \
    --hash=sha256:e9e22be82c3447ba6d2fe851973a736a7013e97b398e8beb7a25fd2ad4df219e \
    --hash=sha256:e9f018b2e172efeea8c2473a51a825652767726374145d7cfdebdc7a27446fdd \
    --hash=sha256:ec6a425e59291fff430da4a884aa07a1d0cbb5dcd22cc78f6cf4ba5adb9f3367
    # via -r research/ascii-image-generation/docker/requirements.in
onnxruntime-gpu==1.19.2 \
    --hash=sha256:522f7495918176cb8c1a3c78bde7152d984f7096acc786c73a27643af8af87c9 \
    --hash=sha256:554a02a3fac0119707eb87327908afd21c4e6f0fa5bf9a034398f098adc316c5 \
    --hash=sha256:55505c99e18688a7c68fdc811ed6e7a315aa36f543b33920c77d03a627d2c3f5 \
    --hash=sha256:562fc7c755393eaad9751e56149339dd201ffbfdb3ef5f43ff21d0619ba9045f \
    --hash=sha256:a49740e079e7c5215830d30cde3df792e903df007aa0b0fd7aa797937061b27a \
    --hash=sha256:b4a8562e1e6f1912870c60bfaf8233c82b86e5b93ae39f211b650ac0f2015430 \
    --hash=sha256:b895920bb5e4241299f68874e0becdc2635ea0142939c11e7ff5ae5b28993613 \
    --hash=sha256:c8b8128174b0470537e9f4983aeecc002a435d13914970c2af2f41d244ef2781 \
    --hash=sha256:c9e369f01f55ea726ae5d28f18236426e52e97c433f0b7682054e61c478a06c9 \
    --hash=sha256:e7c6165a405027e3c0f11d189ae7013b5d66919b3381f9bfb3405c0c0cf07968
    # via -r research/ascii-image-generation/docker/requirements.in
packaging==24.1 \
    --hash=sha256:026ed72c8ed3fcce5bf8950572258698927fd1dbda10a5e981cdf0ac37f4f002 \
    --hash=sha256:5b8f2217dbdbd2f7f384c41c628544e6d52f2d0f53c6d0c3ea61aa5d1d7ff124
    # via -r research/ascii-image-generation/docker/requirements.in
protobuf==7.35.1 \
    --hash=sha256:11d6b0ec246892d85215b0a13ca6e0233cf5284b68f0ac02646427f4ff88a799 \
    --hash=sha256:230a75ddfc2de4806e56696ce9640c1cdfdb6543b7cfce98d42a4c0a0e7bdb87 \
    --hash=sha256:24f857477359a85c0c235261b8ba905fd51b2562f4a64ca1df5473f29850cbf6 \
    --hash=sha256:353652e4efd0bca5b5fc2656abf8307ef351f0cf938c9eba09f0e09c20a25c30 \
    --hash=sha256:4bc97768d8fe4ad6743c8a19403e314511ed9f6d13205b687e52421c023ac1b9 \
    --hash=sha256:74758715c53d7158fb76caf4f0cfdacc5329a4b1bb994f865d6cf302d413a1c4 \
    --hash=sha256:b73f9489a4b8b1c9cb1f8ed951c736392592edb24b9d6819f36d2e10b171d5b4 \
    --hash=sha256:ce115a26fe0c39a2c29973d914d327e516a6455464489fe3cd1e51a1b354f81a
    # via -r research/ascii-image-generation/docker/requirements.in
pytest==8.3.4 \
    --hash=sha256:50e16d954148559c9a74109af1eaf0c945ba2d8f30f0a3d3335edde19788b6f6 \
    --hash=sha256:965370d062bce11e73868e0335abac31b4d3de0e82f4007408d242b4f8610761
    # via -r research/ascii-image-generation/docker/requirements.in
regex==2026.7.19 \
    --hash=sha256:062f8cb7a9739c4835d22bd96f370c59aba89f257adcfa53be3cc209e08d3ae0 \
    --hash=sha256:064f1760a5a4ade65c5419be23e782f29147528e8a66e0c42dd4cedb8d4e9fc6 \
    --hash=sha256:09523a592938aa9f587fb74467c63ff0cf88fc3df14c82ab0f0517dcf76aaa62 \
    --hash=sha256:09d3007fc76249a83cdd33de160d50e6cb77f54e09d8fa9e7148e10607ce24af \
    --hash=sha256:09f3e5287f94f17b709dc9a9e70865855feee835c861613be144218ce4ca82cc \
    --hash=sha256:0c41c63992bf1874cebb6e7f56fd7d3c007924659a604ae3d90e427d40d4fd13 \
    --hash=sha256:0e9554c8785eac5cffe6300f69a91f58ba72bc88a5f8d661235ad7c6aa5b8ccd \
    --hash=sha256:1123ef4211d763ee771d47916a1596e2f4915794f7aabdc1adcb20e4249a6951 \
    --hash=sha256:15b364b9b98d6d2fe1a85034c23a3180ff913f46caddc3895f6fd65186255ccc \
    --hash=sha256:1649eb39fcc9ea80c4d2f110fde2b8ab2aef3877b98f02ab9b14e961f418c511 \
    --hash=sha256:17ed5692f6acc4183e98331101a5f9e4f64d72fe58b753da4d444a2c77d05b12 \
    --hash=sha256:199535629f25caf89698039af3d1ad5fcae7f933e2112c73f1cdf49165c99518 \
    --hash=sha256:1c398716054621aa300b3d411f467dda903806c5da0df6945ab73982b8d115db \
    --hash=sha256:1d3372064506b94dd2c67c845f2db8062e9e9ba84d04e33cb96d7d33c11fe1ae \
    --hash=sha256:1d58561843f0ff7dc78b4c28b5e2dc388f3eff94ebc8a232a3adba961fc00009 \
    --hash=sha256:1d793a7988e04fcb1e2e135567443d82173225d657419ec09414a9b5a145b986 \
    --hash=sha256:1ebac3474b8589fce2f9b225b650afd61448f7c73a5d0255a10cc6366471aed1 \
    --hash=sha256:20568e182eb82d39a6bf7cff3fd58566f14c75c6f74b2c8c96537eecf9010e3a \
    --hash=sha256:22a992de9a0d91bda927bf02b94351d737a0302905432c88a53de7c4b9ce62e2 \
    --hash=sha256:2955907b7157a6660f27079edf7e0229e9c9c5325c77a2ef6a890cba91efa6f0 \
    --hash=sha256:2c4e61e2e1be56f63ec3cc618aa9e0de81ef6f43d177205451840022e24f5b78 \
    --hash=sha256:2cc3460cedf7579948486eab03bc9ad7089df4d7281c0f47f4afe03e8d13f02d \
    --hash=sha256:2ce9e679f776649746729b6c86382da519ef649c8e34cc41df0d2e5e0f6c36d4 \
    --hash=sha256:2ef7eeb108c47ce7bcc9513e51bcb1bf57e8f483d52fce68a8642e3527141ae0 \
    --hash=sha256:3080a7fd38ef049bd489e01c970c97dd84ff446a885b0f1f6b26d9b1ad13ce11 \
    --hash=sha256:343a4504e3fb688c47cad451221ca5d4814f42b1e16c0065bde9cbf7f473bd52 \
    --hash=sha256:36aacfb15faaff3ced55afbf35ec72f50d4aee22082c4f7fe0573a33e2fca92e \
    --hash=sha256:3d3143f159261b1ce5b24c261c590e5913370c3200c5e9ebbb92b5aa5e111902 \
    --hash=sha256:40b34dd88658e4fedd2fddbf0275ac970d00614b731357f425722a3ed1983d11 \
    --hash=sha256:4458124d71339f505bf1fb94f69fd1bb8fa9d2481eebfef27c10ef4f2b9e12f6 \
    --hash=sha256:4896db1f4ce0576765b8272aa922df324e0f5b9bb2c3d03044ff32a7234a9aba \
    --hash=sha256:4a0530bb1b8c1c985e7e2122e2b4d3aedd8a3c21c6bfddae6767c4405668b56e \
    --hash=sha256:4aa5435cdb3eb6f55fe98a171b05e3fbcd95fadaa4aa32acf62afd9b0cfdbcac \
    --hash=sha256:4c3501bfa814ab07b5580741f9bf78dfdfe146a04057f82df9e2402d2a975939 \
    --hash=sha256:4e5413bd5f13d3a4e3539ca98f70f75e7fca92518dd7f117f030ebedd10b60cb \
    --hash=sha256:4e6883a021db30511d9fb8cfb0f222ce1f2c369f7d4d8b0448f449a93ba0bdfc \
    --hash=sha256:52579c60a6078be70a0e49c81d6e56d677f34cd439af281a0083b8c7bc75c095 \
    --hash=sha256:555497390743af1a65045fa4527782d10ff5b88970359412baa4a1e628fe393b \
    --hash=sha256:56ad4d9f77df871a99e25c37091052a02528ec0eb059de928ee33956b854b45b \
    --hash=sha256:571fde9741eb0ccde23dd4e0c1d50fbae910e901fa7e629faf39b2dda740d220 \
    --hash=sha256:572fc57b0009c735ee56c175ea021b637a15551a312f56734277f923d6fd0f6c \
    --hash=sha256:59787bd5f8c70aa339084e961d2996b53fbdeab4d5393bba5c1fe1fc32e02bae \
    --hash=sha256:5a2721c8720e2cb3c209925dfb9200199b4b07361c9e01d321719404b21458b3 \
    --hash=sha256:5cc26a66e212fa5d6c6170c3a40d99d888db3020c6fdab1523250d4341382e44 \
    --hash=sha256:5ebee1ee89c39c953baac6924fcde08c5bb427c4057510862f9d7c7bdb3d8665 \
    --hash=sha256:60be8693a1dadc210bbcbc0db3e26da5f7d01d1d5a3da594e99b4fa42df404f5 \
    --hash=sha256:618a0aed532be87294c4477b0481f3aa0f1520f4014a4374dd4cf789b4cd2c97 \
    --hash=sha256:61bb1bd45520aacd56dd80943bd34991fb5350afdd1f36f2282230fd5154a218 \
    --hash=sha256:6383cd2ed53a646c659ba1fe65727db76437fdaa069e697a0b44a51d5843d864 \
    --hash=sha256:64729333167c2dcaaa56a331d40ee097bd9c5617ffd51dabb09eaddafb1b532e \
    --hash=sha256:64b6ca7391a1395c2638dd5c7456d67bea44fc6c5e8e92c5dc8aa6a8f23292b4 \
    --hash=sha256:65dcd28d3eba2ab7c2fd906485cc301392b47cc2234790d27d4e4814e02cdfda \
    --hash=sha256:65fa6cb38ed5e9c3637e68e544f598b39c3b86b808ed0627a67b68320384b459 \
    --hash=sha256:66bd62c59a5427746e8c44becae1d9b99d22fb13f30f492083dfb9ad7c45cc18 \
    --hash=sha256:6e44c0e7c5664be20aee92085153150c0a7967310a73a43c0f832b7cd35d0dd3 \
    --hash=sha256:6f8c6e7a1cfa3dc9d0ee2de0e65e834537fa29992cc3976ffec914afc35c5dd5 \
    --hash=sha256:7322ec6cc9fba9d49ab888bb82d67ac5625627aa168f0165139b17018df3fb8a \
    --hash=sha256:73b133a9e6fb512858e7f065e96f1180aa46646bc74a83aea62f1d314f3dd035 \
    --hash=sha256:73f272fba87b8ccfe70a137d02a54af386f6d27aa509fbffdd978f5947aae1aa \
    --hash=sha256:7e77b324909c1617cbb4c668677e2c6ae13f44d7c1de0d4f15f2e3c10f3315b5 \
    --hash=sha256:80115dd39481fd3a4b4080220799dbcacb921a844de4b827264ececacbe17c78 \
    --hash=sha256:87ccab0db8d5f4fbb0272642113c1adb2ffc698c16d3a0944580222331fa7a20 \
    --hash=sha256:89dfee3319f5ae3f75ebd5c2445a809bb320252ba5529ffdafea4ef25d79cf1a \
    --hash=sha256:8ac59a0900474a52b7c04af8196affc22bd9842acb0950df12f7b813e983609a \
    --hash=sha256:8cae6fd77a5b72dae505084b1a2ee0360139faf72fedbab667cd7cc65aae7a6a \
    --hash=sha256:8d3469c91dd92ee41b7c95280edbd975ef1ba9195086686623a1c6e8935ce965 \
    --hash=sha256:90c633e7e8d6bf4e992b8b36ce69e018f834b641dd6de8cea6d78c06ffa119c5 \
    --hash=sha256:93db40c8de0815baab96a06e08a984bac71f989d13bab789e382158c5d426797 \
    --hash=sha256:9724e6cb5e478cd7d8cabf027826178739cb18cf0e117d0e32814d479fa02276 \
    --hash=sha256:98c6ac18480fcdb33f35439183f1d2e79760ab41930309c6d951cb1f8e46694c \
    --hash=sha256:9a15e785f244f3e07847b984ce8773fc3da10a9f3c131cc49a4c5b4d672b4547 \
    --hash=sha256:9b60d7814174f059e5de4ab98271cc5ba9259cfea55273a81544dceea32dc8d9 \
    --hash=sha256:9be2a6647740dd3cca6acb24e87f03d7632cd280dbce9bbe40c26353a215a45d \
    --hash=sha256:9c7472192ebfad53a6be7c4a8bfb2d64b81c0e93a1fc8c57e1dd0b638297b5d1 \
    --hash=sha256:9dce8ec9695f531a1b8a6f314fd4b393adcccf2ea861db480cdf97a301d01a68 \
    --hash=sha256:9e50d748a32da622f256e8d505867f5d3c43a837c6a9f0efb149655fadd1042a \
    --hash=sha256:a81758ed242b861b72e778ba34d41366441a2e10b16b472784c88da2dea7e2dd \
    --hash=sha256:ac777001cdfc28b72477d93c8564bb7583081ea8fb45cdca3d568e0a4f87183c \
    --hash=sha256:b2b506b1788df5fecd270a10d5e70a95fe77b87ea2b370a318043f6f5f817ee6 \
    --hash=sha256:b2ea4a3e8357be8849e833beeae757ac3c7a6b3fc055c03c808a53c91ad30d82 \
    --hash=sha256:bf1516fe58fc104f39b2d1dbe2d5e27d0cd45c4be2e42ba6ee0cc763701ec3c7 \
    --hash=sha256:c0d702548d89d572b2929879bc883bb7a4c4709efafe4512cadee56c55c9bd15 \
    --hash=sha256:c10b82c2634df08dfb13b1f04e38fe310d086ee092f4f69c0c8da234251e556e \
    --hash=sha256:c42572142ed0b9d5d261ba727157c426510da78e20828b66bbb855098b8a4e38 \
    --hash=sha256:c4585c3e64b4f9e583b4d2683f18f5d5d872b3d71dcf24594b74ecc23602fa96 \
    --hash=sha256:c639ea314df70a7b2811e8020448c75af8c9445f5a60f8a4ced81c306a9380c2 \
    --hash=sha256:c670fe7be5b6020b76bc6e8d2196074657e1327595bca93a389e1a76ab130ad8 \
    --hash=sha256:cc1b2440423a851fad781309dd87843868f4f66a6bcd1ddb9225cf4ec2c84732 \
    --hash=sha256:cd3584591ea4429026cdb931b054342c2bcf189b44ff367f8d5c15bc092a2966 \
    --hash=sha256:d15df07081d91b76ff20d43f94592ee110330152d617b730fdbe5ef9fb680053 \
    --hash=sha256:d19662dbedbe783d323196312d38f5ba53cf56296378252171985da6899887d3 \
    --hash=sha256:d24ecb4f5e009ea0bd275ee37ad9953b32005e2e5e60f8bbae16da0dbbf0d3a0 \
    --hash=sha256:d446c6ac40bb6e05025ccee55b84d80fe9bf8e93010ffc4bb9484f13d498835f \
    --hash=sha256:d51ffd3427640fa2da6ade574ceba932f210ad095f65fcc450a2b0a0d454868e \
    --hash=sha256:d6ce43a0269d68cee79a7d1ade7def53c20f8f2a047b92d7b5d5bcc73ae88327 \
    --hash=sha256:d721e53758b2cca74990185eb0671dd466d7a388a1a45d0c6f4c13cef41a68ac \
    --hash=sha256:d7da47a0f248977f08e2cb659ff3c17ddc13a4d39b3a7baa0a81bf5b415430f6 \
    --hash=sha256:db47b561c9afd884baa1f96f797c9ca369872c4b65912bc691cfa99e68340af2 \
    --hash=sha256:dbe6493fbd27321b1d1f2dd4f5c7e5bd4d8b1d7cab7f32fd67db3d0b2ed8248a \
    --hash=sha256:dbece16025afda5e3031af0c4059207e61dcf73ef13af844964f57f387d1c435 \
    --hash=sha256:ddd67571c10869f65a5d7dde536d1e066e306cc90de57d7de4d5f34802428bb5 \
    --hash=sha256:de9208bb427130c82a5dbfd104f92c8876fc9559278c880b3002755bbbe9c83d \
    --hash=sha256:e30d40268a28d54ce0437031750497004c22602b8e3ab891f759b795a003b312 \
    --hash=sha256:e8b0abe7d870f53ca5143895fef7d1041a0c831a140d3dc2c760dd7ba25d4a8b \
    --hash=sha256:f035d9dc1d25eff9d361456572231c7d27b5ccd473ca7dc0adfce732bd006d40 \
    --hash=sha256:f04b9f56b0e0614c0126be12c2c2d9f8850c1e57af302bd0a63bed379d4af974 \
    --hash=sha256:f0fa4fa9c3632d708742baf2282f2055c11d888a790362670a403cbf48a2c404 \
    --hash=sha256:f2e7f8e2ab6c2922be02c7ec45185aa5bd771e2e57b95455ee343a44d8130dff \
    --hash=sha256:f8f6fa298bb4f7f58a33334406218ba74716e68feddf5e4e54cd5d8082705abf \
    --hash=sha256:fbf300e2070bb35038660b3be1be4b91b0024edb41517e6996320b49b92b4175 \
    --hash=sha256:fce7760bf283405b2c7999cab3da4e72f7deca6396013115e3f7a955db9760da \
    --hash=sha256:fcee38cd8e5089d6d4f048ba1233b3ad76e5954f545382180889112ff5cb712d \
    --hash=sha256:fe31f28c94402043161876a258a9c6f757cb485905c7614ce8d6cd40e6b7bdc1 \
    --hash=sha256:ffd8893ccc1c2fce6e0d6ca402d716fe1b29db70c7132609a05955e31b2aa8f2
    # via -r research/ascii-image-generation/docker/requirements.in
safetensors==0.4.5 \
    --hash=sha256:01c8f00da537af711979e1b42a69a8ec9e1d7112f208e0e9b8a35d2c381085ef \
    --hash=sha256:023b6e5facda76989f4cba95a861b7e656b87e225f61811065d5c501f78cdb3f \
    --hash=sha256:09566792588d77b68abe53754c9f1308fadd35c9f87be939e22c623eaacbed6b \
    --hash=sha256:098923e2574ff237c517d6e840acada8e5b311cb1fa226019105ed82e9c3b62f \
    --hash=sha256:09dedf7c2fda934ee68143202acff6e9e8eb0ddeeb4cfc24182bef999efa9f42 \
    --hash=sha256:133620f443450429322f238fda74d512c4008621227fccf2f8cf4a76206fea7c \
    --hash=sha256:139fbee92570ecea774e6344fee908907db79646d00b12c535f66bc78bd5ea2c \
    --hash=sha256:13ca0902d2648775089fa6a0c8fc9e6390c5f8ee576517d33f9261656f851e3f \
    --hash=sha256:1500418454529d0ed5c1564bda376c4ddff43f30fce9517d9bee7bcce5a8ef50 \
    --hash=sha256:1524b54246e422ad6fb6aea1ac71edeeb77666efa67230e1faf6999df9b2e27f \
    --hash=sha256:21742b391b859e67b26c0b2ac37f52c9c0944a879a25ad2f9f9f3cd61e7fda8f \
    --hash=sha256:21f848d7aebd5954f92538552d6d75f7c1b4500f51664078b5b49720d180e47c \
    --hash=sha256:23fc9b4ec7b602915cbb4ec1a7c1ad96d2743c322f20ab709e2c35d1b66dad27 \
    --hash=sha256:25e5f8e2e92a74f05b4ca55686234c32aac19927903792b30ee6d7bd5653d54e \
    --hash=sha256:2783956926303dcfeb1de91a4d1204cd4089ab441e622e7caee0642281109db3 \
    --hash=sha256:309aaec9b66cbf07ad3a2e5cb8a03205663324fea024ba391594423d0f00d9fe \
    --hash=sha256:313514b0b9b73ff4ddfb4edd71860696dbe3c1c9dc4d5cc13dbd74da283d2cbf \
    --hash=sha256:31fa33ee326f750a2f2134a6174773c281d9a266ccd000bd4686d8021f1f3dac \
    --hash=sha256:3685ce7ed036f916316b567152482b7e959dc754fcc4a8342333d222e05f407c \
    --hash=sha256:39371fc551c1072976073ab258c3119395294cf49cdc1f8476794627de3130df \
    --hash=sha256:3a6ba28118636a130ccbb968bc33d4684c48678695dba2590169d5ab03a45646 \
    --hash=sha256:4037676c86365a721a8c9510323a51861d703b399b78a6b4486a54a65a975fca \
    --hash=sha256:473300314e026bd1043cef391bb16a8689453363381561b8a3e443870937cc1e \
    --hash=sha256:4b99fbf72e3faf0b2f5f16e5e3458b93b7d0a83984fe8d5364c60aa169f2da89 \
    --hash=sha256:4fb3e0609ec12d2a77e882f07cced530b8262027f64b75d399f1504ffec0ba56 \
    --hash=sha256:500cac01d50b301ab7bb192353317035011c5ceeef0fca652f9f43c000bb7f8d \
    --hash=sha256:52452fa5999dc50c4decaf0c53aa28371f7f1e0fe5c2dd9129059fbe1e1599c7 \
    --hash=sha256:53946c5813b8f9e26103c5efff4a931cc45d874f45229edd68557ffb35ffb9f8 \
    --hash=sha256:540ce6c4bf6b58cb0fd93fa5f143bc0ee341c93bb4f9287ccd92cf898cc1b0dd \
    --hash=sha256:585f1703a518b437f5103aa9cf70e9bd437cb78eea9c51024329e4fb8a3e3679 \
    --hash=sha256:59b77e4b7a708988d84f26de3ebead61ef1659c73dcbc9946c18f3b1786d2688 \
    --hash=sha256:5a2d68a523a4cefd791156a4174189a4114cf0bf9c50ceb89f261600f3b2b81a \
    --hash=sha256:5d3bc83e14d67adc2e9387e511097f254bd1b43c3020440e708858c684cbac68 \
    --hash=sha256:5f0032bedc869c56f8d26259fe39cd21c5199cd57f2228d817a0e23e8370af25 \
    --hash=sha256:60c828a27e852ded2c85fc0f87bf1ec20e464c5cd4d56ff0e0711855cc2e17f8 \
    --hash=sha256:63bfd425e25f5c733f572e2246e08a1c38bd6f2e027d3f7c87e2e43f228d1345 \
    --hash=sha256:65573dc35be9059770808e276b017256fa30058802c29e1038eb1c00028502ea \
    --hash=sha256:670e95fe34e0d591d0529e5e59fd9d3d72bc77b1444fcaa14dccda4f36b5a38b \
    --hash=sha256:67e1e7cb8678bb1b37ac48ec0df04faf689e2f4e9e81e566b5c63d9f23748523 \
    --hash=sha256:68814d599d25ed2fdd045ed54d370d1d03cf35e02dce56de44c651f828fb9b7b \
    --hash=sha256:6885016f34bef80ea1085b7e99b3c1f92cb1be78a49839203060f67b40aee761 \
    --hash=sha256:6ac85d9a8c1af0e3132371d9f2d134695a06a96993c2e2f0bbe25debb9e3f67a \
    --hash=sha256:6d3de65718b86c3eeaa8b73a9c3d123f9307a96bbd7be9698e21e76a56443af5 \
    --hash=sha256:7389129c03fadd1ccc37fd1ebbc773f2b031483b04700923c3511d2a939252cc \
    --hash=sha256:73e7d408e9012cd17511b382b43547850969c7979efc2bc353f317abaf23c84c \
    --hash=sha256:7469d70d3de970b1698d47c11ebbf296a308702cbaae7fcb993944751cf985f4 \
    --hash=sha256:75331c0c746f03158ded32465b7d0b0e24c5a22121743662a2393439c43a45cf \
    --hash=sha256:76ded72f69209c9780fdb23ea89e56d35c54ae6abcdec67ccb22af8e696e449a \
    --hash=sha256:775409ce0fcc58b10773fdb4221ed1eb007de10fe7adbdf8f5e8a56096b6f0bc \
    --hash=sha256:77d9b228da8374c7262046a36c1f656ba32a93df6cc51cd4453af932011e77f1 \
    --hash=sha256:788ee7d04cc0e0e7f944c52ff05f52a4415b312f5efd2ee66389fb7685ee030c \
    --hash=sha256:78dd8adfb48716233c45f676d6e48534d34b4bceb50162c13d1f0bdf6f78590a \
    --hash=sha256:801183a0f76dc647f51a2d9141ad341f9665602a7899a693207a82fb102cc53e \
    --hash=sha256:8158938cf3324172df024da511839d373c40fbfaa83e9abf467174b2910d7b4c \
    --hash=sha256:81efb124b58af39fcd684254c645e35692fea81c51627259cdf6d67ff4458916 \
    --hash=sha256:834001bed193e4440c4a3950a31059523ee5090605c907c66808664c932b549c \
    --hash=sha256:83c4f13a9e687335c3928f615cd63a37e3f8ef072a3f2a0599fa09f863fb06a2 \
    --hash=sha256:868f9df9e99ad1e7f38c52194063a982bc88fedc7d05096f4f8160403aaf4bd6 \
    --hash=sha256:87bc42bd04fd9ca31396d3ca0433db0be1411b6b53ac5a32b7845a85d01ffc2e \
    --hash=sha256:8e8deb16c4321d61ae72533b8451ec4a9af8656d1c61ff81aa49f966406e4b68 \
    --hash=sha256:9483f42be3b6bc8ff77dd67302de8ae411c4db39f7224dec66b0eb95822e4163 \
    --hash=sha256:951d2fcf1817f4fb0ef0b48f6696688a4e852a95922a042b3f96aaa67eedc920 \
    --hash=sha256:9633b663393d5796f0b60249549371e392b75a0b955c07e9c6f8708a87fc841f \
    --hash=sha256:96f1d038c827cdc552d97e71f522e1049fef0542be575421f7684756a748e457 \
    --hash=sha256:9cc9449bd0b0bc538bd5e268221f0c5590bc5c14c1934a6ae359d44410dc68c4 \
    --hash=sha256:9d1a94b9d793ed8fe35ab6d5cea28d540a46559bafc6aae98f30ee0867000cab \
    --hash=sha256:9e347d77e2c77eb7624400ccd09bed69d35c0332f417ce8c048d404a096c593b \
    --hash=sha256:9f556eea3aec1d3d955403159fe2123ddd68e880f83954ee9b4a3f2e15e716b6 \
    --hash=sha256:a01e232e6d3d5cf8b1667bc3b657a77bdab73f0743c26c1d3c5dd7ce86bd3a92 \
    --hash=sha256:a0dd565f83b30f2ca79b5d35748d0d99dd4b3454f80e03dfb41f0038e3bdf180 \
    --hash=sha256:a3a315a6d0054bc6889a17f5668a73f94f7fe55121ff59e0a199e3519c08565f \
    --hash=sha256:a63eaccd22243c67e4f2b1c3e258b257effc4acd78f3b9d397edc8cf8f1298a7 \
    --hash=sha256:a659467495de201e2f282063808a41170448c78bada1e62707b07a27b05e6943 \
    --hash=sha256:a6c19feda32b931cae0acd42748a670bdf56bee6476a046af20181ad3fee4090 \
    --hash=sha256:adaa9c6dead67e2dd90d634f89131e43162012479d86e25618e821a03d1eb1dc \
    --hash=sha256:b17b299ca9966ca983ecda1c0791a3f07f9ca6ab5ded8ef3d283fff45f6bcd5f \
    --hash=sha256:b3139098e3e8b2ad7afbca96d30ad29157b50c90861084e69fcb80dec7430461 \
    --hash=sha256:b4db6a61d968de73722b858038c616a1bebd4a86abe2688e46ca0cc2d17558f2 \
    --hash=sha256:b5a8810ad6a6f933fff6c276eae92c1da217b39b4d8b1bc1c0b8af2d270dc532 \
    --hash=sha256:b75a616e02f21b6f1d5785b20cecbab5e2bd3f6358a90e8925b813d557666ec1 \
    --hash=sha256:b98d40a2ffa560653f6274e15b27b3544e8e3713a44627ce268f419f35c49478 \
    --hash=sha256:bad5e4b2476949bcd638a89f71b6916fa9a5cae5c1ae7eede337aca2100435c0 \
    --hash=sha256:bb07000b19d41e35eecef9a454f31a8b4718a185293f0d0b1c4b61d6e4487971 \
    --hash=sha256:bfeaa1a699c6b9ed514bd15e6a91e74738b71125a9292159e3d6b7f0a53d2cde \
    --hash=sha256:c36302c1c69eebb383775a89645a32b9d266878fab619819ce660309d6176c9b \
    --hash=sha256:c6d156bdb26732feada84f9388a9f135528c1ef5b05fae153da365ad4319c4c5 \
    --hash=sha256:c7db3006a4915151ce1913652e907cdede299b974641a83fbc092102ac41b644 \
    --hash=sha256:c859c7ed90b0047f58ee27751c8e56951452ed36a67afee1b0a87847d065eec6 \
    --hash=sha256:cbd39cae1ad3e3ef6f63a6f07296b080c951f24cec60188378e43d3713000c04 \
    --hash=sha256:cf727bb1281d66699bef5683b04d98c894a2803442c490a8d45cd365abfbdeb2 \
    --hash=sha256:d0f1dd769f064adc33831f5e97ad07babbd728427f98e3e1db6902e369122737 \
    --hash=sha256:d42ffd4c2259f31832cb17ff866c111684c87bd930892a1ba53fed28370c918c \
    --hash=sha256:d5f23198821e227cfc52d50fa989813513db381255c6d100927b012f0cfec63d \
    --hash=sha256:d641f5b8149ea98deb5ffcf604d764aad1de38a8285f86771ce1abf8e74c4891 \
    --hash=sha256:d73de19682deabb02524b3d5d1f8b3aaba94c72f1bbfc7911b9b9d5d391c0310 \
    --hash=sha256:d94581aab8c6b204def4d7320f07534d6ee34cd4855688004a4354e63b639a35 \
    --hash=sha256:dbd280b07e6054ea68b0cb4b16ad9703e7d63cd6890f577cb98acc5354780142 \
    --hash=sha256:dd8a1f6d2063a92cd04145c7fd9e31a1c7d85fbec20113a14b487563fdbc0597 \
    --hash=sha256:dde2bf390d25f67908278d6f5d59e46211ef98e44108727084d4637ee70ab4f1 \
    --hash=sha256:e3cec4a29eb7fe8da0b1c7988bc3828183080439dd559f720414450de076fcab \
    --hash=sha256:e7a97058f96340850da0601a3309f3d29d6191b0702b2da201e54c6e3e44ccf0 \
    --hash=sha256:e98ef5524f8b6620c8cdef97220c0b6a5c1cef69852fcd2f174bb96c2bb316b1 \
    --hash=sha256:f0b6453c54c57c1781292c46593f8a37254b8b99004c68d6c3ce229688931a22 \
    --hash=sha256:f3664ac565d0e809b0b929dae7ccd74e4d3273cd0c6d1220c6430035befb678e \
    --hash=sha256:f4b15f51b4f8f2a512341d9ce3475cacc19c5fdfc5db1f0e19449e75f95c7dc8 \
    --hash=sha256:f4beb84b6073b1247a773141a6331117e35d07134b3bb0383003f39971d414bb \
    --hash=sha256:f6594d130d0ad933d885c6a7b75c5183cb0e8450f799b80a39eae2b8508955eb \
    --hash=sha256:f68bf99ea970960a237f416ea394e266e0361895753df06e3e06e6ea7907d98b \
    --hash=sha256:fd33da8e9407559f8779c82a0448e2133737f922d71f884da27184549416bfed \
    --hash=sha256:fdadf66b5a22ceb645d5435a0be7a0292ce59648ca1d46b352f13cff3ea80410
    # via -r research/ascii-image-generation/docker/requirements.in
tokenizers==0.20.3 \
    --hash=sha256:04627b7b502fa6a2a005e1bd446fa4247d89abcb1afaa1b81eb90e21aba9a60f \
    --hash=sha256:07d7851a72717321022f3774e84aa9d595a041d643fafa2e87fbc9b18711dac0 \
    --hash=sha256:098b8a632b8656aa5802c46689462c5c48f02510f24029d71c208ec2c822e771 \
    --hash=sha256:0e3d80d89b068bc30034034b5319218c7c0a91b00af19679833f55f3becb6945 \
    --hash=sha256:0e9b81321a1e05b16487d312b4264984513f8b4a7556229cafac6e88c2036b09 \
    --hash=sha256:0fc7a39e5bedc817bda395a798dfe2d9c5f7c71153c90d381b5135a0328d9520 \
    --hash=sha256:124c5882ebb88dadae1fc788a582299fcd3a8bd84fc3e260b9918cf28b8751f5 \
    --hash=sha256:16121eb030a2b13094cfec936b0c12e8b4063c5f839591ea7d0212336d8f9921 \
    --hash=sha256:16384073973f6ccbde9852157a4fdfe632bb65208139c9d0c0bd0176a71fd67f \
    --hash=sha256:174a54910bed1b089226512b4458ea60d6d6fd93060254734d3bc3540953c51c \
    --hash=sha256:18e4c7c64172e7789bd8b07aa3087ea87c4c4de7e90937a2aa036b5d92332536 \
    --hash=sha256:1b80e3c7283a01a356bd2210f53d1a4a5d32b269c2024389ed0173137708d50e \
    --hash=sha256:1f74909ef7675c26d4095a817ec3393d67f3158ca4836c233212e5613ef640c4 \
    --hash=sha256:1fd9fee817f655a8f50049f685e224828abfadd436b8ff67979fc1d054b435f1 \
    --hash=sha256:205a45246ed7f1718cf3785cff88450ba603352412aaf220ace026384aa3f1c0 \
    --hash=sha256:2278b34c5d0dd78e087e1ca7f9b1dcbf129d80211afa645f214bd6e051037539 \
    --hash=sha256:282848cacfb9c06d5e51489f38ec5aa0b3cd1e247a023061945f71f41d949d73 \
    --hash=sha256:2b26b0aadb18cd8701077362ba359a06683662d5cafe3e8e8aba10eb05c037f1 \
    --hash=sha256:2b6e54e71f84c4202111a489879005cb14b92616a87417f6c102c833af961ea2 \
    --hash=sha256:312d522caeb8a1a42ebdec87118d99b22667782b67898a76c963c058a7e41d4f \
    --hash=sha256:31ccab28dbb1a9fe539787210b0026e22debeab1662970f61c2d921f7557f7e4 \
    --hash=sha256:3229ef103c89583d10b9378afa5d601b91e6337530a0988e17ca8d635329a996 \
    --hash=sha256:37c04c032c1442740b2c2d925f1857885c07619224a533123ac7ea71ca5713da \
    --hash=sha256:39270a7050deaf50f7caff4c532c01b3c48f6608d42b3eacdebdc6795478c8df \
    --hash=sha256:3eda46ca402751ec82553a321bf35a617b76bbed7586e768c02ccacbdda94d6d \
    --hash=sha256:401cc21ef642ee235985d747f65e18f639464d377c70836c9003df208d582064 \
    --hash=sha256:444d188186eab3148baf0615b522461b41b1f0cd58cd57b862ec94b6ac9780f1 \
    --hash=sha256:44def74cee574d609a36e17c8914311d1b5dbcfe37c55fd29369d42591b91cf2 \
    --hash=sha256:453c7769d22231960ee0e883d1005c93c68015025a5e4ae56275406d94a3c907 \
    --hash=sha256:49d12a32e190fad0e79e5bdb788d05da2f20d8e006b13a70859ac47fecf6ab2f \
    --hash=sha256:4bb31f7b2847e439766aaa9cc7bccf7ac7088052deccdb2275c952d96f691c6a \
    --hash=sha256:4d53029fe44bc70c3ff14ef512460a0cf583495a0f8e2f4b70e26eb9438e38a9 \
    --hash=sha256:4e615de179bbe060ab33773f0d98a8a8572b5883dd7dac66c1de8c056c7e748c \
    --hash=sha256:55046ad3dd5f2b3c67501fcc8c9cbe3e901d8355f08a3b745e9b57894855f85b \
    --hash=sha256:57a2a56397b2bec5a629b516b23f0f8a3e4f978c7488d4a299980f8375954b85 \
    --hash=sha256:585b51e06ca1f4839ce7759941e66766d7b060dccfdc57c4ca1e5b9a33013a90 \
    --hash=sha256:5a8d8261ca2133d4f98aa9627c748189502b3787537ba3d7e2beb4f7cfc5d627 \
    --hash=sha256:60ac483cebee1c12c71878523e768df02fa17e4c54412966cb3ac862c91b36c1 \
    --hash=sha256:61cbf11954f3b481d08723ebd048ba4b11e582986f9be74d2c3bdd9293a4538d \
    --hash=sha256:62d00ba208358c037eeab7bfc00a905adc67b2d31b68ab40ed09d75881e114ea \
    --hash=sha256:65ab780194da4e1fcf5670523a2f377c4838ebf5249efe41fa1eddd2a84fb49d \
    --hash=sha256:67ef4dcb8841a4988cd00dd288fb95dfc8e22ed021f01f37348fd51c2b055ba9 \
    --hash=sha256:6ac52cc24bad3de865c7e65b1c4e7b70d00938a8ae09a92a453b8f676e714ad5 \
    --hash=sha256:6dde2cae6004ba7a3badff4a11911cae03ebf23e97eebfc0e71fef2530e5074f \
    --hash=sha256:6e19e0f1d854d6ab7ea0c743d06e764d1d9a546932be0a67f33087645f00fe13 \
    --hash=sha256:6ee4954c1dd23aadc27958dad759006e71659d497dcb0ef0c7c87ea992c16ebd \
    --hash=sha256:6f90549622de3bf476ad9f1dd6f3f952ec3ed6ab8615ae88ef060d0c5bfad55d \
    --hash=sha256:7310ab23d7b0caebecc0e8be11a1146f320f5f07284000f6ea54793e83de1b75 \
    --hash=sha256:7498f3ea7746133335a6adb67a77cf77227a8b82c8483f644a2e5f86fea42b8d \
    --hash=sha256:78c8c143e3ae41e718588281eb3e212c2b31623c9d6d40410ec464d7d6221fb5 \
    --hash=sha256:79c4121a2e9433ad7ef0769b9ca1f7dd7fa4c0cd501763d0a030afcbc6384481 \
    --hash=sha256:7b6583a65c01db1197c1eb36857ceba8ec329d53afadd268b42a6b04f4965724 \
    --hash=sha256:7eb2fb1c432f5746b22f8a7f09fc18c4156cb0031c77f53cb19379d82d43297a \
    --hash=sha256:83d9bfbe9af86f2d9df4833c22e94d94750f1d0cd9bfb22a7bb90a86f61cdb1c \
    --hash=sha256:843729bf0f991b29655a069a2ff58a4c24375a553c70955e15e37a90dd4e045c \
    --hash=sha256:84d40ee0f8550d64d3ea92dd7d24a8557a9172165bdb986c9fb2503b4fe4e3b6 \
    --hash=sha256:88301aa0801f225725b6df5dea3d77c80365ff2362ca7e252583f2b4809c4cc0 \
    --hash=sha256:8dcd91f4e60f62b20d83a87a84fe062035a1e3ff49a8c2bbdeb2d441c8e311f4 \
    --hash=sha256:900991a2b8ee35961b1095db7e265342e0e42a84c1a594823d5ee9f8fb791958 \
    --hash=sha256:938441babf3e5720e4459e306ef2809fb267680df9d1ff2873458b22aef60248 \
    --hash=sha256:93e37f0269a11dc3b1a953f1fca9707f0929ebf8b4063c591c71a0664219988e \
    --hash=sha256:98d343134f47159e81f7f242264b0eb222e6b802f37173c8d7d7b64d5c9d1388 \
    --hash=sha256:9adda1ff5fb9dcdf899ceca672a4e2ce9e797adb512a6467305ca3d8bfcfbdd0 \
    --hash=sha256:9e7816808b402129393a435ea2a509679b41246175d6e5e9f25b8692bfaa272b \
    --hash=sha256:a02d160d2b19bcbfdf28bd9a4bf11be4cb97d0499c000d95d4c4b1a4312740b6 \
    --hash=sha256:a07962340b36189b6c8feda552ea1bfeee6cf067ff922a1d7760662c2ee229e5 \
    --hash=sha256:a1d469c74eebf5c43fd61cd9b030e271d17198edd7bd45392e03a3c091d7d6d4 \
    --hash=sha256:a292392f24ab9abac5cfa8197e5a6208f2e43723420217e1ceba0b4ec77816ac \
    --hash=sha256:a333d878c4970b72d6c07848b90c05f6b045cf9273fc2bc04a27211721ad6118 \
    --hash=sha256:a4c186bb006ccbe1f5cc4e0380d1ce7806f5955c244074fd96abc55e27b77f01 \
    --hash=sha256:a845c08fdad554fe0871d1255df85772f91236e5fd6b9287ef8b64f5807dbd0c \
    --hash=sha256:a8cc0e8176b762973758a77f0d9c4467d310e33165fb74173418ca3734944da4 \
    --hash=sha256:ab48184cd58b4a03022a2ec75b54c9f600ffea9a733612c02325ed636f353729 \
    --hash=sha256:abe4e08c7d0cd6154c795deb5bf81d2122f36daf075e0c12a8b050d824ef0a64 \
    --hash=sha256:b1e5bfaae740ef9ece000f8a07e78ac0e2b085c5ce9648f8593ddf0243c9f76d \
    --hash=sha256:b357970c095dc134978a68c67d845a1e3803ab7c4fbb39195bde914e7e13cf8b \
    --hash=sha256:b48971b88ef9130bf35b41b35fd857c3c4dae4a9cd7990ebc7fc03e59cc92438 \
    --hash=sha256:b4ba635165bc1ea46f2da8e5d80b5f70f6ec42161e38d96dbef33bb39df73964 \
    --hash=sha256:b7850fde24197fe5cd6556e2fdba53a6d3bae67c531ea33a3d7c420b90904141 \
    --hash=sha256:b8e9608f2773996cc272156e305bd79066163a66b0390fe21750aff62df1ac07 \
    --hash=sha256:ba96367db9d8a730d3a1d5996b4b7babb846c3994b8ef14008cd8660f55db59d \
    --hash=sha256:bd44e48a430ada902c6266a8245f5036c4fe744fcb51f699999fbe82aa438797 \
    --hash=sha256:bee8f53b2594749f4460d53253bae55d718f04e9b633efa0f5df8938bd98e4f0 \
    --hash=sha256:bfa8d029bb156181b006643309d6b673615a24e4ed24cf03aa191d599b996f51 \
    --hash=sha256:c27ceb887f0e81a3c377eb4605dca7a95a81262761c0fba308d627b2abb98f2b \
    --hash=sha256:c31751f0721f58f5e19bb27c1acc259aeff860d8629c4e1a900b26a1979ada8e \
    --hash=sha256:c3db46cc0647bfd88263afdb739b92017a02a87ee30945cb3e86c7e25c7c9917 \
    --hash=sha256:c47c037116310dc976eb96b008e41b9cfaba002ed8005848d4d632ee0b7ba9ae \
    --hash=sha256:c4a7fd678b35614fca708579eb95b7587a5e8a6d328171bd2488fd9f27d82be4 \
    --hash=sha256:c4fd4d71e6deb6ddf99d8d0eab87d1d16f635898906e631914a9bae8ae9f2cfb \
    --hash=sha256:c6361191f762bda98c773da418cf511cbaa0cb8d0a1196f16f8c0119bde68ff8 \
    --hash=sha256:c697cbd3be7a79ea250ea5f380d6f12e534c543cfb137d5c734966b3ee4f34cc \
    --hash=sha256:ca94fc1b73b3883c98f0c88c77700b13d55b49f1071dfd57df2b06f3ff7afd64 \
    --hash=sha256:d50ede425c7e60966a9680d41b58b3a0950afa1bb570488e2972fa61662c4273 \
    --hash=sha256:d5634b2e2f5f3d2b4439d2d74066e22eb4b1f04f3fea05cb2a3c12d89b5a3bcd \
    --hash=sha256:da1ec842035ed9999c62e45fbe0ff14b7e8a7e02bb97688cc6313cf65e5cd755 \
    --hash=sha256:de082392a85eb0055cc055c535bff2f0cc15d7a000bdc36fbf601a0f3cf8507a \
    --hash=sha256:e005466632b1c5d2d2120f6de8aa768cc9d36cd1ab7d51d0c27a114c91a1e6ee \
    --hash=sha256:e0b630e0b536ef0e3c8b42c685c1bc93bd19e98c0f1543db52911f8ede42cf84 \
    --hash=sha256:e919f2e3e68bb51dc31de4fcbbeff3bdf9c1cad489044c75e2b982a91059bd3c \
    --hash=sha256:ee31ba9d7df6a98619426283e80c6359f167e2e9882d9ce1b0254937dbd32f3f \
    --hash=sha256:ef279c7e239f95c8bdd6ff319d9870f30f0d24915b04895f55b1adcf96d6c60d \
    --hash=sha256:ef820880d5e4e8484e2fa54ff8d297bb32519eaa7815694dc835ace9130a3eea \
    --hash=sha256:efcce3a927b1e20ca694ba13f7a68c59b0bd859ef71e441db68ee42cf20c2442 \
    --hash=sha256:efcf0eb939988b627558aaf2b9dc3e56d759cad2e0cfa04fcab378e4b48fc4fd \
    --hash=sha256:f128d5da1202b78fa0a10d8d938610472487da01b57098d48f7e944384362514 \
    --hash=sha256:f2475bb004ab2009d29aff13b5047bfdb3d4b474f0aa9d4faa13a7f34dbbbb43 \
    --hash=sha256:f2b7cb962564785a83dafbba0144ecb7f579f1d57d8c406cdaa7f32fe32f18ad \
    --hash=sha256:f3558a7ae6a6d38a77dfce12172a1e2e1bf3e8871e744a1861cd7591ea9ebe24 \
    --hash=sha256:f4cb0c614b0135e781de96c2af87e73da0389ac1458e2a97562ed26e29490d8d \
    --hash=sha256:fbaf3ea28fedfb2283da60e710aff25492e795a7397cad8a50f1e079b65a5a70 \
    --hash=sha256:ff1ef8bd47a02b0dc191688ccb4da53600df5d4c9a05a4b68e1e3de4823e78eb
    # via -r research/ascii-image-generation/docker/requirements.in
transformers==4.45.2 \
    --hash=sha256:72bc390f6b203892561f05f86bbfaa0e234aab8e927a83e62b9d92ea7e3ae101 \
    --hash=sha256:c551b33660cfc815bae1f9f097ecfd1e65be623f13c6ee0dda372bd881460210
    # via -r research/ascii-image-generation/docker/requirements.in
